
Microsoft Visual Studio Solution File, Format Version 12.00
# Visual Studio 14
VisualStudioVersion = 14.0.25420.1
MinimumVisualStudioVersion = 10.0.40219.1
Project("{FAE04EC0-301F-11D3-BF4B-00C04F79EFBC}") = "gestionAutolavado", "gestionAutolavado\gestionAutolavado\gestionAutolavado.csproj", "{2EB63A63-C435-4F3D-889C-41B8B3194497}"
EndProject
Project("{FAE04EC0-301F-11D3-BF4B-00C04F79EFBC}") = "gestionAutolavado.Droid", "gestionAutolavado\gestionAutolavado.Droid\gestionAutolavado.Droid.csproj", "{713BC7C1-6028-4577-8A86-906F7DB801C3}"
EndProject
Project("{FAE04EC0-301F-11D3-BF4B-00C04F79EFBC}") = "gestionAutolavado.iOS", "gestionAutolavado\gestionAutolavado.iOS\gestionAutolavado.iOS.csproj", "{2D6ACA32-0DFD-42F6-B7FA-D4D8F0AD8C44}"
EndProject
Project("{FAE04EC0-301F-11D3-BF4B-00C04F79EFBC}") = "gestionAutolavado.WinPhone", "gestionAutolavado\gestionAutolavado.WinPhone\gestionAutolavado.WinPhone.csproj", "{5EE05DC9-3331-4567-B0DA-CC7264A53480}"
EndProject
Project("{FAE04EC0-301F-11D3-BF4B-00C04F79EFBC}") = "gestionAutolavado.UWP", "gestionAutolavado\gestionAutolavado.UWP\gestionAutolavado.UWP.csproj", "{36AEA176-B2D2-458C-B641-941705B013AB}"
EndProject
Project("{FAE04EC0-301F-11D3-BF4B-00C04F79EFBC}") = "gestionAutolavado.Windows", "gestionAutolavado\gestionAutolavado.Windows\gestionAutolavado.Windows.csproj", "{27BF79C2-BE9B-4F08-82B2-37AABEC4EAB3}"
EndProject
Global
	GlobalSection(SolutionConfigurationPlatforms) = preSolution
		Ad-Hoc|Any CPU = Ad-Hoc|Any CPU
		Ad-Hoc|ARM = Ad-Hoc|ARM
		Ad-Hoc|iPhone = Ad-Hoc|iPhone
		Ad-Hoc|iPhoneSimulator = Ad-Hoc|iPhoneSimulator
		Ad-Hoc|x64 = Ad-Hoc|x64
		Ad-Hoc|x86 = Ad-Hoc|x86
		AppStore|Any CPU = AppStore|Any CPU
		AppStore|ARM = AppStore|ARM
		AppStore|iPhone = AppStore|iPhone
		AppStore|iPhoneSimulator = AppStore|iPhoneSimulator
		AppStore|x64 = AppStore|x64
		AppStore|x86 = AppStore|x86
		Debug|Any CPU = Debug|Any CPU
		Debug|ARM = Debug|ARM
		Debug|iPhone = Debug|iPhone
		Debug|iPhoneSimulator = Debug|iPhoneSimulator
		Debug|x64 = Debug|x64
		Debug|x86 = Debug|x86
		Release|Any CPU = Release|Any CPU
		Release|ARM = Release|ARM
		Release|iPhone = Release|iPhone
		Release|iPhoneSimulator = Release|iPhoneSimulator
		Release|x64 = Release|x64
		Release|x86 = Release|x86
	EndGlobalSection
	GlobalSection(ProjectConfigurationPlatforms) = postSolution
		{2EB63A63-C435-4F3D-889C-41B8B3194497}.Ad-Hoc|Any CPU.ActiveCfg = Release|Any CPU
		{2EB63A63-C435-4F3D-889C-41B8B3194497}.Ad-Hoc|Any CPU.Build.0 = Release|Any CPU
		{2EB63A63-C435-4F3D-889C-41B8B3194497}.Ad-Hoc|ARM.ActiveCfg = Release|Any CPU
		{2EB63A63-C435-4F3D-889C-41B8B3194497}.Ad-Hoc|ARM.Build.0 = Release|Any CPU
		{2EB63A63-C435-4F3D-889C-41B8B3194497}.Ad-Hoc|iPhone.ActiveCfg = Release|Any CPU
		{2EB63A63-C435-4F3D-889C-41B8B3194497}.Ad-Hoc|iPhone.Build.0 = Release|Any CPU
		{2EB63A63-C435-4F3D-889C-41B8B3194497}.Ad-Hoc|iPhoneSimulator.ActiveCfg = Release|Any CPU
		{2EB63A63-C435-4F3D-889C-41B8B3194497}.Ad-Hoc|iPhoneSimulator.Build.0 = Release|Any CPU
		{2EB63A63-C435-4F3D-889C-41B8B3194497}.Ad-Hoc|x64.ActiveCfg = Release|Any CPU
		{2EB63A63-C435-4F3D-889C-41B8B3194497}.Ad-Hoc|x64.Build.0 = Release|Any CPU
		{2EB63A63-C435-4F3D-889C-41B8B3194497}.Ad-Hoc|x86.ActiveCfg = Release|Any CPU
		{2EB63A63-C435-4F3D-889C-41B8B3194497}.Ad-Hoc|x86.Build.0 = Release|Any CPU
		{2EB63A63-C435-4F3D-889C-41B8B3194497}.AppStore|Any CPU.ActiveCfg = Release|Any CPU
		{2EB63A63-C435-4F3D-889C-41B8B3194497}.AppStore|Any CPU.Build.0 = Release|Any CPU
		{2EB63A63-C435-4F3D-889C-41B8B3194497}.AppStore|ARM.ActiveCfg = Release|Any CPU
		{2EB63A63-C435-4F3D-889C-41B8B3194497}.AppStore|ARM.Build.0 = Release|Any CPU
		{2EB63A63-C435-4F3D-889C-41B8B3194497}.AppStore|iPhone.ActiveCfg = Release|Any CPU
		{2EB63A63-C435-4F3D-889C-41B8B3194497}.AppStore|iPhone.Build.0 = Release|Any CPU
		{2EB63A63-C435-4F3D-889C-41B8B3194497}.AppStore|iPhoneSimulator.ActiveCfg = Release|Any CPU
		{2EB63A63-C435-4F3D-889C-41B8B3194497}.AppStore|iPhoneSimulator.Build.0 = Release|Any CPU
		{2EB63A63-C435-4F3D-889C-41B8B3194497}.AppStore|x64.ActiveCfg = Release|Any CPU
		{2EB63A63-C435-4F3D-889C-41B8B3194497}.AppStore|x64.Build.0 = Release|Any CPU
		{2EB63A63-C435-4F3D-889C-41B8B3194497}.AppStore|x86.ActiveCfg = Release|Any CPU
		{2EB63A63-C435-4F3D-889C-41B8B3194497}.AppStore|x86.Build.0 = Release|Any CPU
		{2EB63A63-C435-4F3D-889C-41B8B3194497}.Debug|Any CPU.ActiveCfg = Debug|Any CPU
		{2EB63A63-C435-4F3D-889C-41B8B3194497}.Debug|Any CPU.Build.0 = Debug|Any CPU
		{2EB63A63-C435-4F3D-889C-41B8B3194497}.Debug|ARM.ActiveCfg = Debug|Any CPU
		{2EB63A63-C435-4F3D-889C-41B8B3194497}.Debug|ARM.Build.0 = Debug|Any CPU
		{2EB63A63-C435-4F3D-889C-41B8B3194497}.Debug|iPhone.ActiveCfg = Debug|Any CPU
		{2EB63A63-C435-4F3D-889C-41B8B3194497}.Debug|iPhone.Build.0 = Debug|Any CPU
		{2EB63A63-C435-4F3D-889C-41B8B3194497}.Debug|iPhoneSimulator.ActiveCfg = Debug|Any CPU
		{2EB63A63-C435-4F3D-889C-41B8B3194497}.Debug|iPhoneSimulator.Build.0 = Debug|Any CPU
		{2EB63A63-C435-4F3D-889C-41B8B3194497}.Debug|x64.ActiveCfg = Debug|Any CPU
		{2EB63A63-C435-4F3D-889C-41B8B3194497}.Debug|x64.Build.0 = Debug|Any CPU
		{2EB63A63-C435-4F3D-889C-41B8B3194497}.Debug|x86.ActiveCfg = Debug|Any CPU
		{2EB63A63-C435-4F3D-889C-41B8B3194497}.Debug|x86.Build.0 = Debug|Any CPU
		{2EB63A63-C435-4F3D-889C-41B8B3194497}.Release|Any CPU.ActiveCfg = Release|Any CPU
		{2EB63A63-C435-4F3D-889C-41B8B3194497}.Release|Any CPU.Build.0 = Release|Any CPU
		{2EB63A63-C435-4F3D-889C-41B8B3194497}.Release|ARM.ActiveCfg = Release|Any CPU
		{2EB63A63-C435-4F3D-889C-41B8B3194497}.Release|ARM.Build.0 = Release|Any CPU
		{2EB63A63-C435-4F3D-889C-41B8B3194497}.Release|iPhone.ActiveCfg = Release|Any CPU
		{2EB63A63-C435-4F3D-889C-41B8B3194497}.Release|iPhone.Build.0 = Release|Any CPU
		{2EB63A63-C435-4F3D-889C-41B8B3194497}.Release|iPhoneSimulator.ActiveCfg = Release|Any CPU
		{2EB63A63-C435-4F3D-889C-41B8B3194497}.Release|iPhoneSimulator.Build.0 = Release|Any CPU
		{2EB63A63-C435-4F3D-889C-41B8B3194497}.Release|x64.ActiveCfg = Release|Any CPU
		{2EB63A63-C435-4F3D-889C-41B8B3194497}.Release|x64.Build.0 = Release|Any CPU
		{2EB63A63-C435-4F3D-889C-41B8B3194497}.Release|x86.ActiveCfg = Release|Any CPU
		{2EB63A63-C435-4F3D-889C-41B8B3194497}.Release|x86.Build.0 = Release|Any CPU
		{713BC7C1-6028-4577-8A86-906F7DB801C3}.Ad-Hoc|Any CPU.ActiveCfg = Release|Any CPU
		{713BC7C1-6028-4577-8A86-906F7DB801C3}.Ad-Hoc|Any CPU.Build.0 = Release|Any CPU
		{713BC7C1-6028-4577-8A86-906F7DB801C3}.Ad-Hoc|Any CPU.Deploy.0 = Release|Any CPU
		{713BC7C1-6028-4577-8A86-906F7DB801C3}.Ad-Hoc|ARM.ActiveCfg = Release|Any CPU
		{713BC7C1-6028-4577-8A86-906F7DB801C3}.Ad-Hoc|ARM.Build.0 = Release|Any CPU
		{713BC7C1-6028-4577-8A86-906F7DB801C3}.Ad-Hoc|ARM.Deploy.0 = Release|Any CPU
		{713BC7C1-6028-4577-8A86-906F7DB801C3}.Ad-Hoc|iPhone.ActiveCfg = Release|Any CPU
		{713BC7C1-6028-4577-8A86-906F7DB801C3}.Ad-Hoc|iPhone.Build.0 = Release|Any CPU
		{713BC7C1-6028-4577-8A86-906F7DB801C3}.Ad-Hoc|iPhone.Deploy.0 = Release|Any CPU
		{713BC7C1-6028-4577-8A86-906F7DB801C3}.Ad-Hoc|iPhoneSimulator.ActiveCfg = Release|Any CPU
		{713BC7C1-6028-4577-8A86-906F7DB801C3}.Ad-Hoc|iPhoneSimulator.Build.0 = Release|Any CPU
		{713BC7C1-6028-4577-8A86-906F7DB801C3}.Ad-Hoc|iPhoneSimulator.Deploy.0 = Release|Any CPU
		{713BC7C1-6028-4577-8A86-906F7DB801C3}.Ad-Hoc|x64.ActiveCfg = Release|Any CPU
		{713BC7C1-6028-4577-8A86-906F7DB801C3}.Ad-Hoc|x64.Build.0 = Release|Any CPU
		{713BC7C1-6028-4577-8A86-906F7DB801C3}.Ad-Hoc|x64.Deploy.0 = Release|Any CPU
		{713BC7C1-6028-4577-8A86-906F7DB801C3}.Ad-Hoc|x86.ActiveCfg = Release|Any CPU
		{713BC7C1-6028-4577-8A86-906F7DB801C3}.Ad-Hoc|x86.Build.0 = Release|Any CPU
		{713BC7C1-6028-4577-8A86-906F7DB801C3}.Ad-Hoc|x86.Deploy.0 = Release|Any CPU
		{713BC7C1-6028-4577-8A86-906F7DB801C3}.AppStore|Any CPU.ActiveCfg = Release|Any CPU
		{713BC7C1-6028-4577-8A86-906F7DB801C3}.AppStore|Any CPU.Build.0 = Release|Any CPU
		{713BC7C1-6028-4577-8A86-906F7DB801C3}.AppStore|Any CPU.Deploy.0 = Release|Any CPU
		{713BC7C1-6028-4577-8A86-906F7DB801C3}.AppStore|ARM.ActiveCfg = Release|Any CPU
		{713BC7C1-6028-4577-8A86-906F7DB801C3}.AppStore|ARM.Build.0 = Release|Any CPU
		{713BC7C1-6028-4577-8A86-906F7DB801C3}.AppStore|ARM.Deploy.0 = Release|Any CPU
		{713BC7C1-6028-4577-8A86-906F7DB801C3}.AppStore|iPhone.ActiveCfg = Release|Any CPU
		{713BC7C1-6028-4577-8A86-906F7DB801C3}.AppStore|iPhone.Build.0 = Release|Any CPU
		{713BC7C1-6028-4577-8A86-906F7DB801C3}.AppStore|iPhone.Deploy.0 = Release|Any CPU
		{713BC7C1-6028-4577-8A86-906F7DB801C3}.AppStore|iPhoneSimulator.ActiveCfg = Release|Any CPU
		{713BC7C1-6028-4577-8A86-906F7DB801C3}.AppStore|iPhoneSimulator.Build.0 = Release|Any CPU
		{713BC7C1-6028-4577-8A86-906F7DB801C3}.AppStore|iPhoneSimulator.Deploy.0 = Release|Any CPU
		{713BC7C1-6028-4577-8A86-906F7DB801C3}.AppStore|x64.ActiveCfg = Release|Any CPU
		{713BC7C1-6028-4577-8A86-906F7DB801C3}.AppStore|x64.Build.0 = Release|Any CPU
		{713BC7C1-6028-4577-8A86-906F7DB801C3}.AppStore|x64.Deploy.0 = Release|Any CPU
		{713BC7C1-6028-4577-8A86-906F7DB801C3}.AppStore|x86.ActiveCfg = Release|Any CPU
		{713BC7C1-6028-4577-8A86-906F7DB801C3}.AppStore|x86.Build.0 = Release|Any CPU
		{713BC7C1-6028-4577-8A86-906F7DB801C3}.AppStore|x86.Deploy.0 = Release|Any CPU
		{713BC7C1-6028-4577-8A86-906F7DB801C3}.Debug|Any CPU.ActiveCfg = Debug|Any CPU
		{713BC7C1-6028-4577-8A86-906F7DB801C3}.Debug|Any CPU.Build.0 = Debug|Any CPU
		{713BC7C1-6028-4577-8A86-906F7DB801C3}.Debug|Any CPU.Deploy.0 = Debug|Any CPU
		{713BC7C1-6028-4577-8A86-906F7DB801C3}.Debug|ARM.ActiveCfg = Debug|Any CPU
		{713BC7C1-6028-4577-8A86-906F7DB801C3}.Debug|ARM.Build.0 = Debug|Any CPU
		{713BC7C1-6028-4577-8A86-906F7DB801C3}.Debug|ARM.Deploy.0 = Debug|Any CPU
		{713BC7C1-6028-4577-8A86-906F7DB801C3}.Debug|iPhone.ActiveCfg = Debug|Any CPU
		{713BC7C1-6028-4577-8A86-906F7DB801C3}.Debug|iPhone.Build.0 = Debug|Any CPU
		{713BC7C1-6028-4577-8A86-906F7DB801C3}.Debug|iPhone.Deploy.0 = Debug|Any CPU
		{713BC7C1-6028-4577-8A86-906F7DB801C3}.Debug|iPhoneSimulator.ActiveCfg = Debug|Any CPU
		{713BC7C1-6028-4577-8A86-906F7DB801C3}.Debug|iPhoneSimulator.Build.0 = Debug|Any CPU
		{713BC7C1-6028-4577-8A86-906F7DB801C3}.Debug|iPhoneSimulator.Deploy.0 = Debug|Any CPU
		{713BC7C1-6028-4577-8A86-906F7DB801C3}.Debug|x64.ActiveCfg = Debug|Any CPU
		{713BC7C1-6028-4577-8A86-906F7DB801C3}.Debug|x64.Build.0 = Debug|Any CPU
		{713BC7C1-6028-4577-8A86-906F7DB801C3}.Debug|x64.Deploy.0 = Debug|Any CPU
		{713BC7C1-6028-4577-8A86-906F7DB801C3}.Debug|x86.ActiveCfg = Debug|Any CPU
		{713BC7C1-6028-4577-8A86-906F7DB801C3}.Debug|x86.Build.0 = Debug|Any CPU
		{713BC7C1-6028-4577-8A86-906F7DB801C3}.Debug|x86.Deploy.0 = Debug|Any CPU
		{713BC7C1-6028-4577-8A86-906F7DB801C3}.Release|Any CPU.ActiveCfg = Release|Any CPU
		{713BC7C1-6028-4577-8A86-906F7DB801C3}.Release|Any CPU.Build.0 = Release|Any CPU
		{713BC7C1-6028-4577-8A86-906F7DB801C3}.Release|Any CPU.Deploy.0 = Release|Any CPU
		{713BC7C1-6028-4577-8A86-906F7DB801C3}.Release|ARM.ActiveCfg = Release|Any CPU
		{713BC7C1-6028-4577-8A86-906F7DB801C3}.Release|ARM.Build.0 = Release|Any CPU
		{713BC7C1-6028-4577-8A86-906F7DB801C3}.Release|ARM.Deploy.0 = Release|Any CPU
		{713BC7C1-6028-4577-8A86-906F7DB801C3}.Release|iPhone.ActiveCfg = Release|Any CPU
		{713BC7C1-6028-4577-8A86-906F7DB801C3}.Release|iPhone.Build.0 = Release|Any CPU
		{713BC7C1-6028-4577-8A86-906F7DB801C3}.Release|iPhone.Deploy.0 = Release|Any CPU
		{713BC7C1-6028-4577-8A86-906F7DB801C3}.Release|iPhoneSimulator.ActiveCfg = Release|Any CPU
		{713BC7C1-6028-4577-8A86-906F7DB801C3}.Release|iPhoneSimulator.Build.0 = Release|Any CPU
		{713BC7C1-6028-4577-8A86-906F7DB801C3}.Release|iPhoneSimulator.Deploy.0 = Release|Any CPU
		{713BC7C1-6028-4577-8A86-906F7DB801C3}.Release|x64.ActiveCfg = Release|Any CPU
		{713BC7C1-6028-4577-8A86-906F7DB801C3}.Release|x64.Build.0 = Release|Any CPU
		{713BC7C1-6028-4577-8A86-906F7DB801C3}.Release|x64.Deploy.0 = Release|Any CPU
		{713BC7C1-6028-4577-8A86-906F7DB801C3}.Release|x86.ActiveCfg = Release|Any CPU
		{713BC7C1-6028-4577-8A86-906F7DB801C3}.Release|x86.Build.0 = Release|Any CPU
		{713BC7C1-6028-4577-8A86-906F7DB801C3}.Release|x86.Deploy.0 = Release|Any CPU
		{2D6ACA32-0DFD-42F6-B7FA-D4D8F0AD8C44}.Ad-Hoc|Any CPU.ActiveCfg = Ad-Hoc|iPhone
		{2D6ACA32-0DFD-42F6-B7FA-D4D8F0AD8C44}.Ad-Hoc|ARM.ActiveCfg = Ad-Hoc|iPhone
		{2D6ACA32-0DFD-42F6-B7FA-D4D8F0AD8C44}.Ad-Hoc|iPhone.ActiveCfg = Ad-Hoc|iPhone
		{2D6ACA32-0DFD-42F6-B7FA-D4D8F0AD8C44}.Ad-Hoc|iPhone.Build.0 = Ad-Hoc|iPhone
		{2D6ACA32-0DFD-42F6-B7FA-D4D8F0AD8C44}.Ad-Hoc|iPhoneSimulator.ActiveCfg = Ad-Hoc|iPhoneSimulator
		{2D6ACA32-0DFD-42F6-B7FA-D4D8F0AD8C44}.Ad-Hoc|iPhoneSimulator.Build.0 = Ad-Hoc|iPhoneSimulator
		{2D6ACA32-0DFD-42F6-B7FA-D4D8F0AD8C44}.Ad-Hoc|x64.ActiveCfg = Ad-Hoc|iPhone
		{2D6ACA32-0DFD-42F6-B7FA-D4D8F0AD8C44}.Ad-Hoc|x86.ActiveCfg = Ad-Hoc|iPhone
		{2D6ACA32-0DFD-42F6-B7FA-D4D8F0AD8C44}.AppStore|Any CPU.ActiveCfg = AppStore|iPhone
		{2D6ACA32-0DFD-42F6-B7FA-D4D8F0AD8C44}.AppStore|ARM.ActiveCfg = AppStore|iPhone
		{2D6ACA32-0DFD-42F6-B7FA-D4D8F0AD8C44}.AppStore|iPhone.ActiveCfg = AppStore|iPhone
		{2D6ACA32-0DFD-42F6-B7FA-D4D8F0AD8C44}.AppStore|iPhone.Build.0 = AppStore|iPhone
		{2D6ACA32-0DFD-42F6-B7FA-D4D8F0AD8C44}.AppStore|iPhoneSimulator.ActiveCfg = AppStore|iPhoneSimulator
		{2D6ACA32-0DFD-42F6-B7FA-D4D8F0AD8C44}.AppStore|iPhoneSimulator.Build.0 = AppStore|iPhoneSimulator
		{2D6ACA32-0DFD-42F6-B7FA-D4D8F0AD8C44}.AppStore|x64.ActiveCfg = AppStore|iPhone
		{2D6ACA32-0DFD-42F6-B7FA-D4D8F0AD8C44}.AppStore|x86.ActiveCfg = AppStore|iPhone
		{2D6ACA32-0DFD-42F6-B7FA-D4D8F0AD8C44}.Debug|Any CPU.ActiveCfg = Debug|iPhone
		{2D6ACA32-0DFD-42F6-B7FA-D4D8F0AD8C44}.Debug|ARM.ActiveCfg = Debug|iPhone
		{2D6ACA32-0DFD-42F6-B7FA-D4D8F0AD8C44}.Debug|iPhone.ActiveCfg = Debug|iPhone
		{2D6ACA32-0DFD-42F6-B7FA-D4D8F0AD8C44}.Debug|iPhone.Build.0 = Debug|iPhone
		{2D6ACA32-0DFD-42F6-B7FA-D4D8F0AD8C44}.Debug|iPhoneSimulator.ActiveCfg = Debug|iPhoneSimulator
		{2D6ACA32-0DFD-42F6-B7FA-D4D8F0AD8C44}.Debug|iPhoneSimulator.Build.0 = Debug|iPhoneSimulator
		{2D6ACA32-0DFD-42F6-B7FA-D4D8F0AD8C44}.Debug|x64.ActiveCfg = Debug|iPhone
		{2D6ACA32-0DFD-42F6-B7FA-D4D8F0AD8C44}.Debug|x86.ActiveCfg = Debug|iPhone
		{2D6ACA32-0DFD-42F6-B7FA-D4D8F0AD8C44}.Release|Any CPU.ActiveCfg = Release|iPhone
		{2D6ACA32-0DFD-42F6-B7FA-D4D8F0AD8C44}.Release|ARM.ActiveCfg = Release|iPhone
		{2D6ACA32-0DFD-42F6-B7FA-D4D8F0AD8C44}.Release|iPhone.ActiveCfg = Release|iPhone
		{2D6ACA32-0DFD-42F6-B7FA-D4D8F0AD8C44}.Release|iPhone.Build.0 = Release|iPhone
		{2D6ACA32-0DFD-42F6-B7FA-D4D8F0AD8C44}.Release|iPhoneSimulator.ActiveCfg = Release|iPhoneSimulator
		{2D6ACA32-0DFD-42F6-B7FA-D4D8F0AD8C44}.Release|iPhoneSimulator.Build.0 = Release|iPhoneSimulator
		{2D6ACA32-0DFD-42F6-B7FA-D4D8F0AD8C44}.Release|x64.ActiveCfg = Release|iPhone
		{2D6ACA32-0DFD-42F6-B7FA-D4D8F0AD8C44}.Release|x86.ActiveCfg = Release|iPhone
		{5EE05DC9-3331-4567-B0DA-CC7264A53480}.Ad-Hoc|Any CPU.ActiveCfg = Release|Any CPU
		{5EE05DC9-3331-4567-B0DA-CC7264A53480}.Ad-Hoc|Any CPU.Build.0 = Release|Any CPU
		{5EE05DC9-3331-4567-B0DA-CC7264A53480}.Ad-Hoc|Any CPU.Deploy.0 = Release|Any CPU
		{5EE05DC9-3331-4567-B0DA-CC7264A53480}.Ad-Hoc|ARM.ActiveCfg = Release|ARM
		{5EE05DC9-3331-4567-B0DA-CC7264A53480}.Ad-Hoc|ARM.Build.0 = Release|ARM
		{5EE05DC9-3331-4567-B0DA-CC7264A53480}.Ad-Hoc|ARM.Deploy.0 = Release|ARM
		{5EE05DC9-3331-4567-B0DA-CC7264A53480}.Ad-Hoc|iPhone.ActiveCfg = Release|Any CPU
		{5EE05DC9-3331-4567-B0DA-CC7264A53480}.Ad-Hoc|iPhone.Build.0 = Release|Any CPU
		{5EE05DC9-3331-4567-B0DA-CC7264A53480}.Ad-Hoc|iPhone.Deploy.0 = Release|Any CPU
		{5EE05DC9-3331-4567-B0DA-CC7264A53480}.Ad-Hoc|iPhoneSimulator.ActiveCfg = Release|Any CPU
		{5EE05DC9-3331-4567-B0DA-CC7264A53480}.Ad-Hoc|iPhoneSimulator.Build.0 = Release|Any CPU
		{5EE05DC9-3331-4567-B0DA-CC7264A53480}.Ad-Hoc|iPhoneSimulator.Deploy.0 = Release|Any CPU
		{5EE05DC9-3331-4567-B0DA-CC7264A53480}.Ad-Hoc|x64.ActiveCfg = Release|Any CPU
		{5EE05DC9-3331-4567-B0DA-CC7264A53480}.Ad-Hoc|x64.Build.0 = Release|Any CPU
		{5EE05DC9-3331-4567-B0DA-CC7264A53480}.Ad-Hoc|x64.Deploy.0 = Release|Any CPU
		{5EE05DC9-3331-4567-B0DA-CC7264A53480}.Ad-Hoc|x86.ActiveCfg = Release|x86
		{5EE05DC9-3331-4567-B0DA-CC7264A53480}.Ad-Hoc|x86.Build.0 = Release|x86
		{5EE05DC9-3331-4567-B0DA-CC7264A53480}.Ad-Hoc|x86.Deploy.0 = Release|x86
		{5EE05DC9-3331-4567-B0DA-CC7264A53480}.AppStore|Any CPU.ActiveCfg = Release|Any CPU
		{5EE05DC9-3331-4567-B0DA-CC7264A53480}.AppStore|Any CPU.Build.0 = Release|Any CPU
		{5EE05DC9-3331-4567-B0DA-CC7264A53480}.AppStore|Any CPU.Deploy.0 = Release|Any CPU
		{5EE05DC9-3331-4567-B0DA-CC7264A53480}.AppStore|ARM.ActiveCfg = Release|ARM
		{5EE05DC9-3331-4567-B0DA-CC7264A53480}.AppStore|ARM.Build.0 = Release|ARM
		{5EE05DC9-3331-4567-B0DA-CC7264A53480}.AppStore|ARM.Deploy.0 = Release|ARM
		{5EE05DC9-3331-4567-B0DA-CC7264A53480}.AppStore|iPhone.ActiveCfg = Release|Any CPU
		{5EE05DC9-3331-4567-B0DA-CC7264A53480}.AppStore|iPhone.Build.0 = Release|Any CPU
		{5EE05DC9-3331-4567-B0DA-CC7264A53480}.AppStore|iPhone.Deploy.0 = Release|Any CPU
		{5EE05DC9-3331-4567-B0DA-CC7264A53480}.AppStore|iPhoneSimulator.ActiveCfg = Release|Any CPU
		{5EE05DC9-3331-4567-B0DA-CC7264A53480}.AppStore|iPhoneSimulator.Build.0 = Release|Any CPU
		{5EE05DC9-3331-4567-B0DA-CC7264A53480}.AppStore|iPhoneSimulator.Deploy.0 = Release|Any CPU
		{5EE05DC9-3331-4567-B0DA-CC7264A53480}.AppStore|x64.ActiveCfg = Release|Any CPU
		{5EE05DC9-3331-4567-B0DA-CC7264A53480}.AppStore|x64.Build.0 = Release|Any CPU
		{5EE05DC9-3331-4567-B0DA-CC7264A53480}.AppStore|x64.Deploy.0 = Release|Any CPU
		{5EE05DC9-3331-4567-B0DA-CC7264A53480}.AppStore|x86.ActiveCfg = Release|x86
		{5EE05DC9-3331-4567-B0DA-CC7264A53480}.AppStore|x86.Build.0 = Release|x86
		{5EE05DC9-3331-4567-B0DA-CC7264A53480}.AppStore|x86.Deploy.0 = Release|x86
		{5EE05DC9-3331-4567-B0DA-CC7264A53480}.Debug|Any CPU.ActiveCfg = Debug|Any CPU
		{5EE05DC9-3331-4567-B0DA-CC7264A53480}.Debug|Any CPU.Build.0 = Debug|Any CPU
		{5EE05DC9-3331-4567-B0DA-CC7264A53480}.Debug|Any CPU.Deploy.0 = Debug|Any CPU
		{5EE05DC9-3331-4567-B0DA-CC7264A53480}.Debug|ARM.ActiveCfg = Debug|ARM
		{5EE05DC9-3331-4567-B0DA-CC7264A53480}.Debug|ARM.Build.0 = Debug|ARM
		{5EE05DC9-3331-4567-B0DA-CC7264A53480}.Debug|ARM.Deploy.0 = Debug|ARM
		{5EE05DC9-3331-4567-B0DA-CC7264A53480}.Debug|iPhone.ActiveCfg = Debug|Any CPU
		{5EE05DC9-3331-4567-B0DA-CC7264A53480}.Debug|iPhone.Build.0 = Debug|Any CPU
		{5EE05DC9-3331-4567-B0DA-CC7264A53480}.Debug|iPhone.Deploy.0 = Debug|Any CPU
		{5EE05DC9-3331-4567-B0DA-CC7264A53480}.Debug|iPhoneSimulator.ActiveCfg = Debug|Any CPU
		{5EE05DC9-3331-4567-B0DA-CC7264A53480}.Debug|iPhoneSimulator.Build.0 = Debug|Any CPU
		{5EE05DC9-3331-4567-B0DA-CC7264A53480}.Debug|iPhoneSimulator.Deploy.0 = Debug|Any CPU
		{5EE05DC9-3331-4567-B0DA-CC7264A53480}.Debug|x64.ActiveCfg = Debug|Any CPU
		{5EE05DC9-3331-4567-B0DA-CC7264A53480}.Debug|x64.Build.0 = Debug|Any CPU
		{5EE05DC9-3331-4567-B0DA-CC7264A53480}.Debug|x64.Deploy.0 = Debug|Any CPU
		{5EE05DC9-3331-4567-B0DA-CC7264A53480}.Debug|x86.ActiveCfg = Debug|x86
		{5EE05DC9-3331-4567-B0DA-CC7264A53480}.Debug|x86.Build.0 = Debug|x86
		{5EE05DC9-3331-4567-B0DA-CC7264A53480}.Debug|x86.Deploy.0 = Debug|x86
		{5EE05DC9-3331-4567-B0DA-CC7264A53480}.Release|Any CPU.ActiveCfg = Release|Any CPU
		{5EE05DC9-3331-4567-B0DA-CC7264A53480}.Release|Any CPU.Build.0 = Release|Any CPU
		{5EE05DC9-3331-4567-B0DA-CC7264A53480}.Release|Any CPU.Deploy.0 = Release|Any CPU
		{5EE05DC9-3331-4567-B0DA-CC7264A53480}.Release|ARM.ActiveCfg = Release|ARM
		{5EE05DC9-3331-4567-B0DA-CC7264A53480}.Release|ARM.Build.0 = Release|ARM
		{5EE05DC9-3331-4567-B0DA-CC7264A53480}.Release|ARM.Deploy.0 = Release|ARM
		{5EE05DC9-3331-4567-B0DA-CC7264A53480}.Release|iPhone.ActiveCfg = Release|Any CPU
		{5EE05DC9-3331-4567-B0DA-CC7264A53480}.Release|iPhone.Build.0 = Release|Any CPU
		{5EE05DC9-3331-4567-B0DA-CC7264A53480}.Release|iPhone.Deploy.0 = Release|Any CPU
		{5EE05DC9-3331-4567-B0DA-CC7264A53480}.Release|iPhoneSimulator.ActiveCfg = Release|Any CPU
		{5EE05DC9-3331-4567-B0DA-CC7264A53480}.Release|iPhoneSimulator.Build.0 = Release|Any CPU
		{5EE05DC9-3331-4567-B0DA-CC7264A53480}.Release|iPhoneSimulator.Deploy.0 = Release|Any CPU
		{5EE05DC9-3331-4567-B0DA-CC7264A53480}.Release|x64.ActiveCfg = Release|Any CPU
		{5EE05DC9-3331-4567-B0DA-CC7264A53480}.Release|x64.Build.0 = Release|Any CPU
		{5EE05DC9-3331-4567-B0DA-CC7264A53480}.Release|x64.Deploy.0 = Release|Any CPU
		{5EE05DC9-3331-4567-B0DA-CC7264A53480}.Release|x86.ActiveCfg = Release|x86
		{5EE05DC9-3331-4567-B0DA-CC7264A53480}.Release|x86.Build.0 = Release|x86
		{5EE05DC9-3331-4567-B0DA-CC7264A53480}.Release|x86.Deploy.0 = Release|x86
		{36AEA176-B2D2-458C-B641-941705B013AB}.Ad-Hoc|Any CPU.ActiveCfg = Release|x86
		{36AEA176-B2D2-458C-B641-941705B013AB}.Ad-Hoc|Any CPU.Build.0 = Release|x86
		{36AEA176-B2D2-458C-B641-941705B013AB}.Ad-Hoc|Any CPU.Deploy.0 = Release|x86
		{36AEA176-B2D2-458C-B641-941705B013AB}.Ad-Hoc|ARM.ActiveCfg = Release|ARM
		{36AEA176-B2D2-458C-B641-941705B013AB}.Ad-Hoc|ARM.Build.0 = Release|ARM
		{36AEA176-B2D2-458C-B641-941705B013AB}.Ad-Hoc|ARM.Deploy.0 = Release|ARM
		{36AEA176-B2D2-458C-B641-941705B013AB}.Ad-Hoc|iPhone.ActiveCfg = Release|x86
		{36AEA176-B2D2-458C-B641-941705B013AB}.Ad-Hoc|iPhone.Build.0 = Release|x86
		{36AEA176-B2D2-458C-B641-941705B013AB}.Ad-Hoc|iPhone.Deploy.0 = Release|x86
		{36AEA176-B2D2-458C-B641-941705B013AB}.Ad-Hoc|iPhoneSimulator.ActiveCfg = Release|x86
		{36AEA176-B2D2-458C-B641-941705B013AB}.Ad-Hoc|iPhoneSimulator.Build.0 = Release|x86
		{36AEA176-B2D2-458C-B641-941705B013AB}.Ad-Hoc|iPhoneSimulator.Deploy.0 = Release|x86
		{36AEA176-B2D2-458C-B641-941705B013AB}.Ad-Hoc|x64.ActiveCfg = Release|x64
		{36AEA176-B2D2-458C-B641-941705B013AB}.Ad-Hoc|x64.Build.0 = Release|x64
		{36AEA176-B2D2-458C-B641-941705B013AB}.Ad-Hoc|x64.Deploy.0 = Release|x64
		{36AEA176-B2D2-458C-B641-941705B013AB}.Ad-Hoc|x86.ActiveCfg = Release|x86
		{36AEA176-B2D2-458C-B641-941705B013AB}.Ad-Hoc|x86.Build.0 = Release|x86
		{36AEA176-B2D2-458C-B641-941705B013AB}.Ad-Hoc|x86.Deploy.0 = Release|x86
		{36AEA176-B2D2-458C-B641-941705B013AB}.AppStore|Any CPU.ActiveCfg = Release|x86
		{36AEA176-B2D2-458C-B641-941705B013AB}.AppStore|Any CPU.Build.0 = Release|x86
		{36AEA176-B2D2-458C-B641-941705B013AB}.AppStore|Any CPU.Deploy.0 = Release|x86
		{36AEA176-B2D2-458C-B641-941705B013AB}.AppStore|ARM.ActiveCfg = Release|ARM
		{36AEA176-B2D2-458C-B641-941705B013AB}.AppStore|ARM.Build.0 = Release|ARM
		{36AEA176-B2D2-458C-B641-941705B013AB}.AppStore|ARM.Deploy.0 = Release|ARM
		{36AEA176-B2D2-458C-B641-941705B013AB}.AppStore|iPhone.ActiveCfg = Release|x86
		{36AEA176-B2D2-458C-B641-941705B013AB}.AppStore|iPhone.Build.0 = Release|x86
		{36AEA176-B2D2-458C-B641-941705B013AB}.AppStore|iPhone.Deploy.0 = Release|x86
		{36AEA176-B2D2-458C-B641-941705B013AB}.AppStore|iPhoneSimulator.ActiveCfg = Release|x86
		{36AEA176-B2D2-458C-B641-941705B013AB}.AppStore|iPhoneSimulator.Build.0 = Release|x86
		{36AEA176-B2D2-458C-B641-941705B013AB}.AppStore|iPhoneSimulator.Deploy.0 = Release|x86
		{36AEA176-B2D2-458C-B641-941705B013AB}.AppStore|x64.ActiveCfg = Release|x64
		{36AEA176-B2D2-458C-B641-941705B013AB}.AppStore|x64.Build.0 = Release|x64
		{36AEA176-B2D2-458C-B641-941705B013AB}.AppStore|x64.Deploy.0 = Release|x64
		{36AEA176-B2D2-458C-B641-941705B013AB}.AppStore|x86.ActiveCfg = Release|x86
		{36AEA176-B2D2-458C-B641-941705B013AB}.AppStore|x86.Build.0 = Release|x86
		{36AEA176-B2D2-458C-B641-941705B013AB}.AppStore|x86.Deploy.0 = Release|x86
		{36AEA176-B2D2-458C-B641-941705B013AB}.Debug|Any CPU.ActiveCfg = Debug|x86
		{36AEA176-B2D2-458C-B641-941705B013AB}.Debug|ARM.ActiveCfg = Debug|ARM
		{36AEA176-B2D2-458C-B641-941705B013AB}.Debug|ARM.Build.0 = Debug|ARM
		{36AEA176-B2D2-458C-B641-941705B013AB}.Debug|ARM.Deploy.0 = Debug|ARM
		{36AEA176-B2D2-458C-B641-941705B013AB}.Debug|iPhone.ActiveCfg = Debug|x86
		{36AEA176-B2D2-458C-B641-941705B013AB}.Debug|iPhoneSimulator.ActiveCfg = Debug|x86
		{36AEA176-B2D2-458C-B641-941705B013AB}.Debug|x64.ActiveCfg = Debug|x64
		{36AEA176-B2D2-458C-B641-941705B013AB}.Debug|x64.Build.0 = Debug|x64
		{36AEA176-B2D2-458C-B641-941705B013AB}.Debug|x64.Deploy.0 = Debug|x64
		{36AEA176-B2D2-458C-B641-941705B013AB}.Debug|x86.ActiveCfg = Debug|x86
		{36AEA176-B2D2-458C-B641-941705B013AB}.Debug|x86.Build.0 = Debug|x86
		{36AEA176-B2D2-458C-B641-941705B013AB}.Debug|x86.Deploy.0 = Debug|x86
		{36AEA176-B2D2-458C-B641-941705B013AB}.Release|Any CPU.ActiveCfg = Release|x86
		{36AEA176-B2D2-458C-B641-941705B013AB}.Release|ARM.ActiveCfg = Release|ARM
		{36AEA176-B2D2-458C-B641-941705B013AB}.Release|ARM.Build.0 = Release|ARM
		{36AEA176-B2D2-458C-B641-941705B013AB}.Release|ARM.Deploy.0 = Release|ARM
		{36AEA176-B2D2-458C-B641-941705B013AB}.Release|iPhone.ActiveCfg = Release|x86
		{36AEA176-B2D2-458C-B641-941705B013AB}.Release|iPhoneSimulator.ActiveCfg = Release|x86
		{36AEA176-B2D2-458C-B641-941705B013AB}.Release|x64.ActiveCfg = Release|x64
		{36AEA176-B2D2-458C-B641-941705B013AB}.Release|x64.Build.0 = Release|x64
		{36AEA176-B2D2-458C-B641-941705B013AB}.Release|x64.Deploy.0 = Release|x64
		{36AEA176-B2D2-458C-B641-941705B013AB}.Release|x86.ActiveCfg = Release|x86
		{36AEA176-B2D2-458C-B641-941705B013AB}.Release|x86.Build.0 = Release|x86
		{36AEA176-B2D2-458C-B641-941705B013AB}.Release|x86.Deploy.0 = Release|x86
		{27BF79C2-BE9B-4F08-82B2-37AABEC4EAB3}.Ad-Hoc|Any CPU.ActiveCfg = Release|Any CPU
		{27BF79C2-BE9B-4F08-82B2-37AABEC4EAB3}.Ad-Hoc|Any CPU.Build.0 = Release|Any CPU
		{27BF79C2-BE9B-4F08-82B2-37AABEC4EAB3}.Ad-Hoc|Any CPU.Deploy.0 = Release|Any CPU
		{27BF79C2-BE9B-4F08-82B2-37AABEC4EAB3}.Ad-Hoc|ARM.ActiveCfg = Release|ARM
		{27BF79C2-BE9B-4F08-82B2-37AABEC4EAB3}.Ad-Hoc|ARM.Build.0 = Release|ARM
		{27BF79C2-BE9B-4F08-82B2-37AABEC4EAB3}.Ad-Hoc|ARM.Deploy.0 = Release|ARM
		{27BF79C2-BE9B-4F08-82B2-37AABEC4EAB3}.Ad-Hoc|iPhone.ActiveCfg = Release|Any CPU
		{27BF79C2-BE9B-4F08-82B2-37AABEC4EAB3}.Ad-Hoc|iPhone.Build.0 = Release|Any CPU
		{27BF79C2-BE9B-4F08-82B2-37AABEC4EAB3}.Ad-Hoc|iPhone.Deploy.0 = Release|Any CPU
		{27BF79C2-BE9B-4F08-82B2-37AABEC4EAB3}.Ad-Hoc|iPhoneSimulator.ActiveCfg = Release|Any CPU
		{27BF79C2-BE9B-4F08-82B2-37AABEC4EAB3}.Ad-Hoc|iPhoneSimulator.Build.0 = Release|Any CPU
		{27BF79C2-BE9B-4F08-82B2-37AABEC4EAB3}.Ad-Hoc|iPhoneSimulator.Deploy.0 = Release|Any CPU
		{27BF79C2-BE9B-4F08-82B2-37AABEC4EAB3}.Ad-Hoc|x64.ActiveCfg = Release|x64
		{27BF79C2-BE9B-4F08-82B2-37AABEC4EAB3}.Ad-Hoc|x64.Build.0 = Release|x64
		{27BF79C2-BE9B-4F08-82B2-37AABEC4EAB3}.Ad-Hoc|x64.Deploy.0 = Release|x64
		{27BF79C2-BE9B-4F08-82B2-37AABEC4EAB3}.Ad-Hoc|x86.ActiveCfg = Release|x86
		{27BF79C2-BE9B-4F08-82B2-37AABEC4EAB3}.Ad-Hoc|x86.Build.0 = Release|x86
		{27BF79C2-BE9B-4F08-82B2-37AABEC4EAB3}.Ad-Hoc|x86.Deploy.0 = Release|x86
		{27BF79C2-BE9B-4F08-82B2-37AABEC4EAB3}.AppStore|Any CPU.ActiveCfg = Release|Any CPU
		{27BF79C2-BE9B-4F08-82B2-37AABEC4EAB3}.AppStore|Any CPU.Build.0 = Release|Any CPU
		{27BF79C2-BE9B-4F08-82B2-37AABEC4EAB3}.AppStore|Any CPU.Deploy.0 = Release|Any CPU
		{27BF79C2-BE9B-4F08-82B2-37AABEC4EAB3}.AppStore|ARM.ActiveCfg = Release|ARM
		{27BF79C2-BE9B-4F08-82B2-37AABEC4EAB3}.AppStore|ARM.Build.0 = Release|ARM
		{27BF79C2-BE9B-4F08-82B2-37AABEC4EAB3}.AppStore|ARM.Deploy.0 = Release|ARM
		{27BF79C2-BE9B-4F08-82B2-37AABEC4EAB3}.AppStore|iPhone.ActiveCfg = Release|Any CPU
		{27BF79C2-BE9B-4F08-82B2-37AABEC4EAB3}.AppStore|iPhone.Build.0 = Release|Any CPU
		{27BF79C2-BE9B-4F08-82B2-37AABEC4EAB3}.AppStore|iPhone.Deploy.0 = Release|Any CPU
		{27BF79C2-BE9B-4F08-82B2-37AABEC4EAB3}.AppStore|iPhoneSimulator.ActiveCfg = Release|Any CPU
		{27BF79C2-BE9B-4F08-82B2-37AABEC4EAB3}.AppStore|iPhoneSimulator.Build.0 = Release|Any CPU
		{27BF79C2-BE9B-4F08-82B2-37AABEC4EAB3}.AppStore|iPhoneSimulator.Deploy.0 = Release|Any CPU
		{27BF79C2-BE9B-4F08-82B2-37AABEC4EAB3}.AppStore|x64.ActiveCfg = Release|x64
		{27BF79C2-BE9B-4F08-82B2-37AABEC4EAB3}.AppStore|x64.Build.0 = Release|x64
		{27BF79C2-BE9B-4F08-82B2-37AABEC4EAB3}.AppStore|x64.Deploy.0 = Release|x64
		{27BF79C2-BE9B-4F08-82B2-37AABEC4EAB3}.AppStore|x86.ActiveCfg = Release|x86
		{27BF79C2-BE9B-4F08-82B2-37AABEC4EAB3}.AppStore|x86.Build.0 = Release|x86
		{27BF79C2-BE9B-4F08-82B2-37AABEC4EAB3}.AppStore|x86.Deploy.0 = Release|x86
		{27BF79C2-BE9B-4F08-82B2-37AABEC4EAB3}.Debug|Any CPU.ActiveCfg = Debug|Any CPU
		{27BF79C2-BE9B-4F08-82B2-37AABEC4EAB3}.Debug|Any CPU.Build.0 = Debug|Any CPU
		{27BF79C2-BE9B-4F08-82B2-37AABEC4EAB3}.Debug|Any CPU.Deploy.0 = Debug|Any CPU
		{27BF79C2-BE9B-4F08-82B2-37AABEC4EAB3}.Debug|ARM.ActiveCfg = Debug|ARM
		{27BF79C2-BE9B-4F08-82B2-37AABEC4EAB3}.Debug|ARM.Build.0 = Debug|ARM
		{27BF79C2-BE9B-4F08-82B2-37AABEC4EAB3}.Debug|ARM.Deploy.0 = Debug|ARM
		{27BF79C2-BE9B-4F08-82B2-37AABEC4EAB3}.Debug|iPhone.ActiveCfg = Debug|Any CPU
		{27BF79C2-BE9B-4F08-82B2-37AABEC4EAB3}.Debug|iPhone.Build.0 = Debug|Any CPU
		{27BF79C2-BE9B-4F08-82B2-37AABEC4EAB3}.Debug|iPhone.Deploy.0 = Debug|Any CPU
		{27BF79C2-BE9B-4F08-82B2-37AABEC4EAB3}.Debug|iPhoneSimulator.ActiveCfg = Debug|Any CPU
		{27BF79C2-BE9B-4F08-82B2-37AABEC4EAB3}.Debug|iPhoneSimulator.Build.0 = Debug|Any CPU
		{27BF79C2-BE9B-4F08-82B2-37AABEC4EAB3}.Debug|iPhoneSimulator.Deploy.0 = Debug|Any CPU
		{27BF79C2-BE9B-4F08-82B2-37AABEC4EAB3}.Debug|x64.ActiveCfg = Debug|x64
		{27BF79C2-BE9B-4F08-82B2-37AABEC4EAB3}.Debug|x64.Build.0 = Debug|x64
		{27BF79C2-BE9B-4F08-82B2-37AABEC4EAB3}.Debug|x64.Deploy.0 = Debug|x64
		{27BF79C2-BE9B-4F08-82B2-37AABEC4EAB3}.Debug|x86.ActiveCfg = Debug|x86
		{27BF79C2-BE9B-4F08-82B2-37AABEC4EAB3}.Debug|x86.Build.0 = Debug|x86
		{27BF79C2-BE9B-4F08-82B2-37AABEC4EAB3}.Debug|x86.Deploy.0 = Debug|x86
		{27BF79C2-BE9B-4F08-82B2-37AABEC4EAB3}.Release|Any CPU.ActiveCfg = Release|Any CPU
		{27BF79C2-BE9B-4F08-82B2-37AABEC4EAB3}.Release|Any CPU.Build.0 = Release|Any CPU
		{27BF79C2-BE9B-4F08-82B2-37AABEC4EAB3}.Release|Any CPU.Deploy.0 = Release|Any CPU
		{27BF79C2-BE9B-4F08-82B2-37AABEC4EAB3}.Release|ARM.ActiveCfg = Release|ARM
		{27BF79C2-BE9B-4F08-82B2-37AABEC4EAB3}.Release|ARM.Build.0 = Release|ARM
		{27BF79C2-BE9B-4F08-82B2-37AABEC4EAB3}.Release|ARM.Deploy.0 = Release|ARM
		{27BF79C2-BE9B-4F08-82B2-37AABEC4EAB3}.Release|iPhone.ActiveCfg = Release|Any CPU
		{27BF79C2-BE9B-4F08-82B2-37AABEC4EAB3}.Release|iPhone.Build.0 = Release|Any CPU
		{27BF79C2-BE9B-4F08-82B2-37AABEC4EAB3}.Release|iPhone.Deploy.0 = Release|Any CPU
		{27BF79C2-BE9B-4F08-82B2-37AABEC4EAB3}.Release|iPhoneSimulator.ActiveCfg = Release|Any CPU
		{27BF79C2-BE9B-4F08-82B2-37AABEC4EAB3}.Release|iPhoneSimulator.Build.0 = Release|Any CPU
		{27BF79C2-BE9B-4F08-82B2-37AABEC4EAB3}.Release|iPhoneSimulator.Deploy.0 = Release|Any CPU
		{27BF79C2-BE9B-4F08-82B2-37AABEC4EAB3}.Release|x64.ActiveCfg = Release|x64
		{27BF79C2-BE9B-4F08-82B2-37AABEC4EAB3}.Release|x64.Build.0 = Release|x64
		{27BF79C2-BE9B-4F08-82B2-37AABEC4EAB3}.Release|x64.Deploy.0 = Release|x64
		{27BF79C2-BE9B-4F08-82B2-37AABEC4EAB3}.Release|x86.ActiveCfg = Release|x86
		{27BF79C2-BE9B-4F08-82B2-37AABEC4EAB3}.Release|x86.Build.0 = Release|x86
		{27BF79C2-BE9B-4F08-82B2-37AABEC4EAB3}.Release|x86.Deploy.0 = Release|x86
	EndGlobalSection
	GlobalSection(SolutionProperties) = preSolution
		HideSolutionNode = FALSE
	EndGlobalSection
EndGlobal
